
Microsoft Visual Studio Solution File, Format Version 12.00
# Visual Studio Version 17
VisualStudioVersion = 17.13.35825.156
MinimumVisualStudioVersion = 10.0.40219.1
Project("{FAE04EC0-301F-11D3-BF4B-00C04F79EFBC}") = "RAD Demonstrator", "RAD Demonstrator\RAD Demonstrator.csproj", "{164DC90C-B351-428D-86DE-8C2750D738D9}"
EndProject
Project("{2150E333-8FDC-42A3-9474-1A3956D46DE8}") = "Internal", "Internal", "{02EA681E-C7D8-13C7-8484-4AC65E1B71E8}"
EndProject
Project("{2150E333-8FDC-42A3-9474-1A3956D46DE8}") = "Code Analysis", "Code Analysis", "{7ADE0108-953D-4983-A70D-5AFC27606CD9}"
	ProjectSection(SolutionItems) = preProject
		Internal\Code Analysis\qaction-debug.ruleset = Internal\Code Analysis\qaction-debug.ruleset
		Internal\Code Analysis\qaction-release.ruleset = Internal\Code Analysis\qaction-release.ruleset
		Internal\Code Analysis\stylecop.json = Internal\Code Analysis\stylecop.json
	EndProjectSection
EndProject
Project("{FAE04EC0-301F-11D3-BF4B-00C04F79EFBC}") = "Dont touch my stuff", "Dont touch my stuff\Dont touch my stuff.csproj", "{4EBEEF35-1D23-4671-BEF2-B2FD88886D2E}"
EndProject
Project("{FAE04EC0-301F-11D3-BF4B-00C04F79EFBC}") = "Commtia DAB", "Empower 2025 - AI - Commtia DAB\Commtia DAB.csproj", "{7B3A77D9-E2D0-460D-8745-61DD6981CF0F}"
	ProjectSection(ProjectDependencies) = postProject
		{164DC90C-B351-428D-86DE-8C2750D738D9} = {164DC90C-B351-428D-86DE-8C2750D738D9}
	EndProjectSection
EndProject
Project("{2150E333-8FDC-42A3-9474-1A3956D46DE8}") = "dis", "dis", "{B5A518F4-A9D5-4513-B4DD-8BDE1CD0F3C0}"
EndProject
Project("{2150E333-8FDC-42A3-9474-1A3956D46DE8}") = "81813EC0F1841298EC4CCC86741C2288", "81813EC0F1841298EC4CCC86741C2288", "{2F9DFBAB-6CD6-4768-B92E-1F54C4A8BFB0}"
EndProject
Project("{FAE04EC0-301F-11D3-BF4B-00C04F79EFBC}") = "QAction_Helper", "..\AppData\Local\Temp\DIS\QActions\81813EC0F1841298EC4CCC86741C2288\QAction_Helper\QAction_Helper.csproj", "{733A1457-8F43-26EA-6F0E-72857846BF23}"
EndProject
Project("{FAE04EC0-301F-11D3-BF4B-00C04F79EFBC}") = "Commtia DAB - Deviating", "Empower 2025 - AI - Commtia DAB - Deviating\Commtia DAB - Deviating.csproj", "{44C93DBD-AC5F-7B26-93F0-477E903290CD}"
EndProject
Project("{2150E333-8FDC-42A3-9474-1A3956D46DE8}") = "2E4272624006A834E51758CD60F867AC", "2E4272624006A834E51758CD60F867AC", "{17B7DB8F-224C-4E34-B04F-1A5C2FA295FE}"
EndProject
Project("{FAE04EC0-301F-11D3-BF4B-00C04F79EFBC}") = "QAction_Helper", "..\AppData\Local\Temp\DIS\QActions\2E4272624006A834E51758CD60F867AC\QAction_Helper\QAction_Helper.csproj", "{E3A4ED63-90AB-7880-9837-D709057708CF}"
EndProject
Project("{FAE04EC0-301F-11D3-BF4B-00C04F79EFBC}") = "QAction_2", "..\AppData\Local\Temp\DIS\QActions\2E4272624006A834E51758CD60F867AC\QAction_2\QAction_2.csproj", "{259E9458-E668-AE34-CCD8-0606F945B184}"
EndProject
Project("{FAE04EC0-301F-11D3-BF4B-00C04F79EFBC}") = "QAction_3", "..\AppData\Local\Temp\DIS\QActions\2E4272624006A834E51758CD60F867AC\QAction_3\QAction_3.csproj", "{45731164-39B6-2514-AA41-3B3519991193}"
EndProject
Project("{FAE04EC0-301F-11D3-BF4B-00C04F79EFBC}") = "QAction_4", "..\AppData\Local\Temp\DIS\QActions\2E4272624006A834E51758CD60F867AC\QAction_4\QAction_4.csproj", "{8B038D7B-6122-F619-2851-7C4FEEDCCD0E}"
EndProject
Project("{FAE04EC0-301F-11D3-BF4B-00C04F79EFBC}") = "QAction_5", "..\AppData\Local\Temp\DIS\QActions\2E4272624006A834E51758CD60F867AC\QAction_5\QAction_5.csproj", "{BFECBF1A-8C75-4F32-9BC6-0166C9FD543A}"
EndProject
Global
	GlobalSection(SolutionConfigurationPlatforms) = preSolution
		Debug|Any CPU = Debug|Any CPU
		Release|Any CPU = Release|Any CPU
	EndGlobalSection
	GlobalSection(ProjectConfigurationPlatforms) = postSolution
		{164DC90C-B351-428D-86DE-8C2750D738D9}.Debug|Any CPU.ActiveCfg = Debug|Any CPU
		{164DC90C-B351-428D-86DE-8C2750D738D9}.Debug|Any CPU.Build.0 = Debug|Any CPU
		{164DC90C-B351-428D-86DE-8C2750D738D9}.Release|Any CPU.ActiveCfg = Release|Any CPU
		{164DC90C-B351-428D-86DE-8C2750D738D9}.Release|Any CPU.Build.0 = Release|Any CPU
		{4EBEEF35-1D23-4671-BEF2-B2FD88886D2E}.Debug|Any CPU.ActiveCfg = Debug|Any CPU
		{4EBEEF35-1D23-4671-BEF2-B2FD88886D2E}.Debug|Any CPU.Build.0 = Debug|Any CPU
		{4EBEEF35-1D23-4671-BEF2-B2FD88886D2E}.Release|Any CPU.ActiveCfg = Release|Any CPU
		{4EBEEF35-1D23-4671-BEF2-B2FD88886D2E}.Release|Any CPU.Build.0 = Release|Any CPU
		{7B3A77D9-E2D0-460D-8745-61DD6981CF0F}.Debug|Any CPU.ActiveCfg = Debug|Any CPU
		{7B3A77D9-E2D0-460D-8745-61DD6981CF0F}.Debug|Any CPU.Build.0 = Debug|Any CPU
		{7B3A77D9-E2D0-460D-8745-61DD6981CF0F}.Release|Any CPU.ActiveCfg = Release|Any CPU
		{7B3A77D9-E2D0-460D-8745-61DD6981CF0F}.Release|Any CPU.Build.0 = Release|Any CPU
		{733A1457-8F43-26EA-6F0E-72857846BF23}.Debug|Any CPU.ActiveCfg = Debug|Any CPU
		{733A1457-8F43-26EA-6F0E-72857846BF23}.Debug|Any CPU.Build.0 = Debug|Any CPU
		{733A1457-8F43-26EA-6F0E-72857846BF23}.Release|Any CPU.ActiveCfg = Release|Any CPU
		{733A1457-8F43-26EA-6F0E-72857846BF23}.Release|Any CPU.Build.0 = Release|Any CPU
		{44C93DBD-AC5F-7B26-93F0-477E903290CD}.Debug|Any CPU.ActiveCfg = Debug|Any CPU
		{44C93DBD-AC5F-7B26-93F0-477E903290CD}.Debug|Any CPU.Build.0 = Debug|Any CPU
		{44C93DBD-AC5F-7B26-93F0-477E903290CD}.Release|Any CPU.ActiveCfg = Release|Any CPU
		{44C93DBD-AC5F-7B26-93F0-477E903290CD}.Release|Any CPU.Build.0 = Release|Any CPU
		{E3A4ED63-90AB-7880-9837-D709057708CF}.Debug|Any CPU.ActiveCfg = Debug|Any CPU
		{E3A4ED63-90AB-7880-9837-D709057708CF}.Debug|Any CPU.Build.0 = Debug|Any CPU
		{E3A4ED63-90AB-7880-9837-D709057708CF}.Release|Any CPU.ActiveCfg = Release|Any CPU
		{E3A4ED63-90AB-7880-9837-D709057708CF}.Release|Any CPU.Build.0 = Release|Any CPU
		{259E9458-E668-AE34-CCD8-0606F945B184}.Debug|Any CPU.ActiveCfg = Debug|Any CPU
		{259E9458-E668-AE34-CCD8-0606F945B184}.Debug|Any CPU.Build.0 = Debug|Any CPU
		{259E9458-E668-AE34-CCD8-0606F945B184}.Release|Any CPU.ActiveCfg = Release|Any CPU
		{259E9458-E668-AE34-CCD8-0606F945B184}.Release|Any CPU.Build.0 = Release|Any CPU
		{45731164-39B6-2514-AA41-3B3519991193}.Debug|Any CPU.ActiveCfg = Debug|Any CPU
		{45731164-39B6-2514-AA41-3B3519991193}.Debug|Any CPU.Build.0 = Debug|Any CPU
		{45731164-39B6-2514-AA41-3B3519991193}.Release|Any CPU.ActiveCfg = Release|Any CPU
		{45731164-39B6-2514-AA41-3B3519991193}.Release|Any CPU.Build.0 = Release|Any CPU
		{8B038D7B-6122-F619-2851-7C4FEEDCCD0E}.Debug|Any CPU.ActiveCfg = Debug|Any CPU
		{8B038D7B-6122-F619-2851-7C4FEEDCCD0E}.Debug|Any CPU.Build.0 = Debug|Any CPU
		{8B038D7B-6122-F619-2851-7C4FEEDCCD0E}.Release|Any CPU.ActiveCfg = Release|Any CPU
		{8B038D7B-6122-F619-2851-7C4FEEDCCD0E}.Release|Any CPU.Build.0 = Release|Any CPU
		{BFECBF1A-8C75-4F32-9BC6-0166C9FD543A}.Debug|Any CPU.ActiveCfg = Debug|Any CPU
		{BFECBF1A-8C75-4F32-9BC6-0166C9FD543A}.Debug|Any CPU.Build.0 = Debug|Any CPU
		{BFECBF1A-8C75-4F32-9BC6-0166C9FD543A}.Release|Any CPU.ActiveCfg = Release|Any CPU
		{BFECBF1A-8C75-4F32-9BC6-0166C9FD543A}.Release|Any CPU.Build.0 = Release|Any CPU
	EndGlobalSection
	GlobalSection(SolutionProperties) = preSolution
		HideSolutionNode = FALSE
	EndGlobalSection
	GlobalSection(NestedProjects) = preSolution
		{7ADE0108-953D-4983-A70D-5AFC27606CD9} = {02EA681E-C7D8-13C7-8484-4AC65E1B71E8}
		{2F9DFBAB-6CD6-4768-B92E-1F54C4A8BFB0} = {B5A518F4-A9D5-4513-B4DD-8BDE1CD0F3C0}
		{733A1457-8F43-26EA-6F0E-72857846BF23} = {2F9DFBAB-6CD6-4768-B92E-1F54C4A8BFB0}
		{17B7DB8F-224C-4E34-B04F-1A5C2FA295FE} = {B5A518F4-A9D5-4513-B4DD-8BDE1CD0F3C0}
		{E3A4ED63-90AB-7880-9837-D709057708CF} = {17B7DB8F-224C-4E34-B04F-1A5C2FA295FE}
		{259E9458-E668-AE34-CCD8-0606F945B184} = {17B7DB8F-224C-4E34-B04F-1A5C2FA295FE}
		{45731164-39B6-2514-AA41-3B3519991193} = {17B7DB8F-224C-4E34-B04F-1A5C2FA295FE}
		{8B038D7B-6122-F619-2851-7C4FEEDCCD0E} = {17B7DB8F-224C-4E34-B04F-1A5C2FA295FE}
		{BFECBF1A-8C75-4F32-9BC6-0166C9FD543A} = {17B7DB8F-224C-4E34-B04F-1A5C2FA295FE}
	EndGlobalSection
	GlobalSection(ExtensibilityGlobals) = postSolution
		SolutionGuid = {08A048DE-1079-43CC-89B6-32E0C77930F9}
	EndGlobalSection
EndGlobal
