
Microsoft Visual Studio Solution File, Format Version 12.00
# Visual Studio Version 17
VisualStudioVersion = 17.13.35825.156
MinimumVisualStudioVersion = 10.0.40219.1
Project("{FAE04EC0-301F-11D3-BF4B-00C04F79EFBC}") = "RAD Demonstrator", "RAD Demonstrator\RAD Demonstrator.csproj", "{164DC90C-B351-428D-86DE-8C2750D738D9}"
	ProjectSection(ProjectDependencies) = postProject
		{7B3A77D9-E2D0-460D-8745-61DD6981CF0F} = {7B3A77D9-E2D0-460D-8745-61DD6981CF0F}
		{96C5AE5D-3883-54A6-8788-DA46063F3CCA} = {96C5AE5D-3883-54A6-8788-DA46063F3CCA}
	EndProjectSection
EndProject
Project("{2150E333-8FDC-42A3-9474-1A3956D46DE8}") = "Internal", "Internal", "{02EA681E-C7D8-13C7-8484-4AC65E1B71E8}"
EndProject
Project("{2150E333-8FDC-42A3-9474-1A3956D46DE8}") = "Code Analysis", "Code Analysis", "{7ADE0108-953D-4983-A70D-5AFC27606CD9}"
	ProjectSection(SolutionItems) = preProject
		Internal\Code Analysis\qaction-debug.ruleset = Internal\Code Analysis\qaction-debug.ruleset
		Internal\Code Analysis\qaction-release.ruleset = Internal\Code Analysis\qaction-release.ruleset
		Internal\Code Analysis\stylecop.json = Internal\Code Analysis\stylecop.json
	EndProjectSection
EndProject
Project("{FAE04EC0-301F-11D3-BF4B-00C04F79EFBC}") = "AI - Commtia DAB", "AI - Commtia DAB\AI - Commtia DAB.csproj", "{7B3A77D9-E2D0-460D-8745-61DD6981CF0F}"
EndProject
Project("{FAE04EC0-301F-11D3-BF4B-00C04F79EFBC}") = "Add Single Groups", "Add Single Groups\Add Single Groups.csproj", "{A1888CC8-3237-9692-0C4F-8B89EEEA6054}"
EndProject
Project("{FAE04EC0-301F-11D3-BF4B-00C04F79EFBC}") = "Add Shared Model Group", "Add Shared Model Group\Add Shared Model Group.csproj", "{BB47B715-9658-F945-9C03-516082C9C204}"
EndProject
Project("{FAE04EC0-301F-11D3-BF4B-00C04F79EFBC}") = "Fleet-Outlier-Detection-Commtia DAB", "Fleet-Outlier-Detection-Commtia DAB\Fleet-Outlier-Detection-Commtia DAB.csproj", "{96C5AE5D-3883-54A6-8788-DA46063F3CCA}"
EndProject
Project("{2150E333-8FDC-42A3-9474-1A3956D46DE8}") = "dis", "dis", "{4DD7DFE2-33EA-48F6-AA5E-ED0B85D87D39}"
EndProject
Project("{2150E333-8FDC-42A3-9474-1A3956D46DE8}") = "95959F5B8A6667BB569D88275F6B63FE", "95959F5B8A6667BB569D88275F6B63FE", "{65B568A8-5434-4AC0-AA37-BE3BFD1EBBD6}"
EndProject
Project("{FAE04EC0-301F-11D3-BF4B-00C04F79EFBC}") = "QAction_Helper", "..\AppData\Local\Temp\DIS\QActions\95959F5B8A6667BB569D88275F6B63FE\QAction_Helper\QAction_Helper.csproj", "{786791D5-DCEC-5319-990D-E0E669B4F204}"
EndProject
Project("{2150E333-8FDC-42A3-9474-1A3956D46DE8}") = "FC6066A423EF175ABA01DE11A8237A38", "FC6066A423EF175ABA01DE11A8237A38", "{8C5E9F35-FB9B-4EE6-A585-21229A4A7631}"
EndProject
Project("{FAE04EC0-301F-11D3-BF4B-00C04F79EFBC}") = "QAction_Helper", "..\AppData\Local\Temp\DIS\QActions\FC6066A423EF175ABA01DE11A8237A38\QAction_Helper\QAction_Helper.csproj", "{85633D47-FF3B-CBAF-D4DA-81F88AD54D8D}"
EndProject
Project("{FAE04EC0-301F-11D3-BF4B-00C04F79EFBC}") = "QAction_1", "..\AppData\Local\Temp\DIS\QActions\FC6066A423EF175ABA01DE11A8237A38\QAction_1\QAction_1.csproj", "{DF3AD6E1-99C5-FDE3-16DA-992FE54436E2}"
EndProject
Project("{FAE04EC0-301F-11D3-BF4B-00C04F79EFBC}") = "QAction_2", "..\AppData\Local\Temp\DIS\QActions\FC6066A423EF175ABA01DE11A8237A38\QAction_2\QAction_2.csproj", "{65752EB9-C5C0-5E02-F301-01C4D586593A}"
EndProject
Global
	GlobalSection(SolutionConfigurationPlatforms) = preSolution
		Debug|Any CPU = Debug|Any CPU
		Release|Any CPU = Release|Any CPU
	EndGlobalSection
	GlobalSection(ProjectConfigurationPlatforms) = postSolution
		{164DC90C-B351-428D-86DE-8C2750D738D9}.Debug|Any CPU.ActiveCfg = Debug|Any CPU
		{164DC90C-B351-428D-86DE-8C2750D738D9}.Debug|Any CPU.Build.0 = Debug|Any CPU
		{164DC90C-B351-428D-86DE-8C2750D738D9}.Release|Any CPU.ActiveCfg = Release|Any CPU
		{164DC90C-B351-428D-86DE-8C2750D738D9}.Release|Any CPU.Build.0 = Release|Any CPU
		{7B3A77D9-E2D0-460D-8745-61DD6981CF0F}.Debug|Any CPU.ActiveCfg = Debug|Any CPU
		{7B3A77D9-E2D0-460D-8745-61DD6981CF0F}.Debug|Any CPU.Build.0 = Debug|Any CPU
		{7B3A77D9-E2D0-460D-8745-61DD6981CF0F}.Release|Any CPU.ActiveCfg = Release|Any CPU
		{7B3A77D9-E2D0-460D-8745-61DD6981CF0F}.Release|Any CPU.Build.0 = Release|Any CPU
		{A1888CC8-3237-9692-0C4F-8B89EEEA6054}.Debug|Any CPU.ActiveCfg = Debug|Any CPU
		{A1888CC8-3237-9692-0C4F-8B89EEEA6054}.Debug|Any CPU.Build.0 = Debug|Any CPU
		{A1888CC8-3237-9692-0C4F-8B89EEEA6054}.Release|Any CPU.ActiveCfg = Release|Any CPU
		{A1888CC8-3237-9692-0C4F-8B89EEEA6054}.Release|Any CPU.Build.0 = Release|Any CPU
		{BB47B715-9658-F945-9C03-516082C9C204}.Debug|Any CPU.ActiveCfg = Debug|Any CPU
		{BB47B715-9658-F945-9C03-516082C9C204}.Debug|Any CPU.Build.0 = Debug|Any CPU
		{BB47B715-9658-F945-9C03-516082C9C204}.Release|Any CPU.ActiveCfg = Release|Any CPU
		{BB47B715-9658-F945-9C03-516082C9C204}.Release|Any CPU.Build.0 = Release|Any CPU
		{96C5AE5D-3883-54A6-8788-DA46063F3CCA}.Debug|Any CPU.ActiveCfg = Debug|Any CPU
		{96C5AE5D-3883-54A6-8788-DA46063F3CCA}.Debug|Any CPU.Build.0 = Debug|Any CPU
		{96C5AE5D-3883-54A6-8788-DA46063F3CCA}.Release|Any CPU.ActiveCfg = Release|Any CPU
		{96C5AE5D-3883-54A6-8788-DA46063F3CCA}.Release|Any CPU.Build.0 = Release|Any CPU
		{786791D5-DCEC-5319-990D-E0E669B4F204}.Debug|Any CPU.ActiveCfg = Debug|Any CPU
		{786791D5-DCEC-5319-990D-E0E669B4F204}.Debug|Any CPU.Build.0 = Debug|Any CPU
		{786791D5-DCEC-5319-990D-E0E669B4F204}.Release|Any CPU.ActiveCfg = Release|Any CPU
		{786791D5-DCEC-5319-990D-E0E669B4F204}.Release|Any CPU.Build.0 = Release|Any CPU
		{85633D47-FF3B-CBAF-D4DA-81F88AD54D8D}.Debug|Any CPU.ActiveCfg = Debug|Any CPU
		{85633D47-FF3B-CBAF-D4DA-81F88AD54D8D}.Debug|Any CPU.Build.0 = Debug|Any CPU
		{85633D47-FF3B-CBAF-D4DA-81F88AD54D8D}.Release|Any CPU.ActiveCfg = Release|Any CPU
		{85633D47-FF3B-CBAF-D4DA-81F88AD54D8D}.Release|Any CPU.Build.0 = Release|Any CPU
		{DF3AD6E1-99C5-FDE3-16DA-992FE54436E2}.Debug|Any CPU.ActiveCfg = Debug|Any CPU
		{DF3AD6E1-99C5-FDE3-16DA-992FE54436E2}.Debug|Any CPU.Build.0 = Debug|Any CPU
		{DF3AD6E1-99C5-FDE3-16DA-992FE54436E2}.Release|Any CPU.ActiveCfg = Release|Any CPU
		{DF3AD6E1-99C5-FDE3-16DA-992FE54436E2}.Release|Any CPU.Build.0 = Release|Any CPU
		{65752EB9-C5C0-5E02-F301-01C4D586593A}.Debug|Any CPU.ActiveCfg = Debug|Any CPU
		{65752EB9-C5C0-5E02-F301-01C4D586593A}.Debug|Any CPU.Build.0 = Debug|Any CPU
		{65752EB9-C5C0-5E02-F301-01C4D586593A}.Release|Any CPU.ActiveCfg = Release|Any CPU
		{65752EB9-C5C0-5E02-F301-01C4D586593A}.Release|Any CPU.Build.0 = Release|Any CPU
	EndGlobalSection
	GlobalSection(SolutionProperties) = preSolution
		HideSolutionNode = FALSE
	EndGlobalSection
	GlobalSection(NestedProjects) = preSolution
		{7ADE0108-953D-4983-A70D-5AFC27606CD9} = {02EA681E-C7D8-13C7-8484-4AC65E1B71E8}
		{65B568A8-5434-4AC0-AA37-BE3BFD1EBBD6} = {4DD7DFE2-33EA-48F6-AA5E-ED0B85D87D39}
		{786791D5-DCEC-5319-990D-E0E669B4F204} = {65B568A8-5434-4AC0-AA37-BE3BFD1EBBD6}
		{8C5E9F35-FB9B-4EE6-A585-21229A4A7631} = {4DD7DFE2-33EA-48F6-AA5E-ED0B85D87D39}
		{85633D47-FF3B-CBAF-D4DA-81F88AD54D8D} = {8C5E9F35-FB9B-4EE6-A585-21229A4A7631}
		{DF3AD6E1-99C5-FDE3-16DA-992FE54436E2} = {8C5E9F35-FB9B-4EE6-A585-21229A4A7631}
		{65752EB9-C5C0-5E02-F301-01C4D586593A} = {8C5E9F35-FB9B-4EE6-A585-21229A4A7631}
	EndGlobalSection
	GlobalSection(ExtensibilityGlobals) = postSolution
		SolutionGuid = {08A048DE-1079-43CC-89B6-32E0C77930F9}
	EndGlobalSection
EndGlobal
