
Microsoft Visual Studio Solution File, Format Version 12.00
# Visual Studio Version 17
VisualStudioVersion = 17.13.35825.156 d17.13
MinimumVisualStudioVersion = 10.0.40219.1
Project("{FAE04EC0-301F-11D3-BF4B-00C04F79EFBC}") = "RAD Demonstrator", "RAD Demonstrator\RAD Demonstrator.csproj", "{164DC90C-B351-428D-86DE-8C2750D738D9}"
EndProject
Project("{2150E333-8FDC-42A3-9474-1A3956D46DE8}") = "Internal", "Internal", "{02EA681E-C7D8-13C7-8484-4AC65E1B71E8}"
EndProject
Project("{2150E333-8FDC-42A3-9474-1A3956D46DE8}") = "Code Analysis", "Code Analysis", "{7ADE0108-953D-4983-A70D-5AFC27606CD9}"
	ProjectSection(SolutionItems) = preProject
		Internal\Code Analysis\qaction-debug.ruleset = Internal\Code Analysis\qaction-debug.ruleset
		Internal\Code Analysis\qaction-release.ruleset = Internal\Code Analysis\qaction-release.ruleset
		Internal\Code Analysis\stylecop.json = Internal\Code Analysis\stylecop.json
	EndProjectSection
EndProject
Global
	GlobalSection(SolutionConfigurationPlatforms) = preSolution
		Debug|Any CPU = Debug|Any CPU
		Release|Any CPU = Release|Any CPU
	EndGlobalSection
	GlobalSection(ProjectConfigurationPlatforms) = postSolution
		{164DC90C-B351-428D-86DE-8C2750D738D9}.Debug|Any CPU.ActiveCfg = Debug|Any CPU
		{164DC90C-B351-428D-86DE-8C2750D738D9}.Debug|Any CPU.Build.0 = Debug|Any CPU
		{164DC90C-B351-428D-86DE-8C2750D738D9}.Release|Any CPU.ActiveCfg = Release|Any CPU
		{164DC90C-B351-428D-86DE-8C2750D738D9}.Release|Any CPU.Build.0 = Release|Any CPU
	EndGlobalSection
	GlobalSection(SolutionProperties) = preSolution
		HideSolutionNode = FALSE
	EndGlobalSection
	GlobalSection(NestedProjects) = preSolution
		{7ADE0108-953D-4983-A70D-5AFC27606CD9} = {02EA681E-C7D8-13C7-8484-4AC65E1B71E8}
	EndGlobalSection
	GlobalSection(ExtensibilityGlobals) = postSolution
		SolutionGuid = {08A048DE-1079-43CC-89B6-32E0C77930F9}
	EndGlobalSection
EndGlobal
